<?xml version="1.0" encoding="utf-8"?>
<Project ToolsVersion="4.0" xmlns="http://schemas.microsoft.com/developer/msbuild/2003">
  <ItemGroup>
    <Filter Include="Header Files">
      <UniqueIdentifier>{93995380-89BD-4b04-88EB-625FBE52EBFB}</UniqueIdentifier>
      <Extensions>h;hh;hpp;hxx;hm;inl;inc;xsd</Extensions>
    </Filter>
    <Filter Include="Header Files\SDK">
      <UniqueIdentifier>{e5ed5151-c792-44b1-90c6-651726fbca8c}</UniqueIdentifier>
    </Filter>
    <Filter Include="Header Files\SDK\Trace">
      <UniqueIdentifier>{9d9a4342-744c-4054-b7ea-64a6b57f8df2}</UniqueIdentifier>
    </Filter>
    <Filter Include="Header Files\SDK\Interfaces">
      <UniqueIdentifier>{0314710e-9c74-43e9-8c8c-0380e7af782b}</UniqueIdentifier>
    </Filter>
    <Filter Include="Header Files\SDK\Player">
      <UniqueIdentifier>{45218c30-a3c0-48fc-a1cc-7c3997f89dfd}</UniqueIdentifier>
    </Filter>
    <Filter Include="Header Files\Hooks">
      <UniqueIdentifier>{5261f407-93e1-4895-a630-2a03306c26d0}</UniqueIdentifier>
    </Filter>
    <Filter Include="Header Files\Utils">
      <UniqueIdentifier>{70bd51b4-348e-4cef-a4b4-a4cb252a283e}</UniqueIdentifier>
    </Filter>
    <Filter Include="Menu">
      <UniqueIdentifier>{fa18eca8-42ea-4ce8-9cf2-00b46fa7bce7}</UniqueIdentifier>
    </Filter>
    <Filter Include="Hacks">
      <UniqueIdentifier>{05be3182-d718-4ccf-83f8-ef3406165135}</UniqueIdentifier>
    </Filter>
  </ItemGroup>
  <ItemGroup>
    <ClInclude Include="CBaseTrace.h">
      <Filter>Header Files\SDK\Trace</Filter>
    </ClInclude>
    <ClInclude Include="CGameTrace.h">
      <Filter>Header Files\SDK\Trace</Filter>
    </ClInclude>
    <ClInclude Include="CTraceFilter.h">
      <Filter>Header Files\SDK\Trace</Filter>
    </ClInclude>
    <ClInclude Include="ITraceFilter.h">
      <Filter>Header Files\SDK\Trace</Filter>
    </ClInclude>
    <ClInclude Include="ClientEntityList.h">
      <Filter>Header Files\SDK\Interfaces</Filter>
    </ClInclude>
    <ClInclude Include="ClientMode.h">
      <Filter>Header Files\SDK\Interfaces</Filter>
    </ClInclude>
    <ClInclude Include="BaseClientDLL.h">
      <Filter>Header Files\SDK\Interfaces</Filter>
    </ClInclude>
    <ClInclude Include="ClientModeShared.h">
      <Filter>Header Files\SDK\Interfaces</Filter>
    </ClInclude>
    <ClInclude Include="ConVar.h">
      <Filter>Header Files\SDK\Interfaces</Filter>
    </ClInclude>
    <ClInclude Include="CVar.h">
      <Filter>Header Files\SDK\Interfaces</Filter>
    </ClInclude>
    <ClInclude Include="Engine.h">
      <Filter>Header Files\SDK\Interfaces</Filter>
    </ClInclude>
    <ClInclude Include="Surface.h">
      <Filter>Header Files\SDK\Interfaces</Filter>
    </ClInclude>
    <ClInclude Include="UserCmd.h">
      <Filter>Header Files\SDK\Player</Filter>
    </ClInclude>
    <ClInclude Include="BaseEntity.h">
      <Filter>Header Files\SDK\Player</Filter>
    </ClInclude>
    <ClInclude Include="Panel.h">
      <Filter>Header Files\SDK\Interfaces</Filter>
    </ClInclude>
    <ClInclude Include="ViewSetup.h">
      <Filter>Header Files\SDK\Interfaces</Filter>
    </ClInclude>
    <ClInclude Include="CVMTHookManager.h">
      <Filter>Header Files\Hooks</Filter>
    </ClInclude>
    <ClInclude Include="Hooks.h">
      <Filter>Header Files\Hooks</Filter>
    </ClInclude>
    <ClInclude Include="Interface.h">
      <Filter>Header Files\Hooks</Filter>
    </ClInclude>
    <ClInclude Include="Math.h">
      <Filter>Header Files\Utils</Filter>
    </ClInclude>
    <ClInclude Include="Color.h">
      <Filter>Header Files\Utils</Filter>
    </ClInclude>
    <ClInclude Include="IEngineTrace.h">
      <Filter>Header Files\SDK\Trace</Filter>
    </ClInclude>
    <ClInclude Include="SDK.h">
      <Filter>Header Files\SDK</Filter>
    </ClInclude>
    <ClInclude Include="getvfunc.h">
      <Filter>Header Files\Utils</Filter>
    </ClInclude>
    <ClInclude Include="QAngle.h">
      <Filter>Header Files\Utils</Filter>
    </ClInclude>
    <ClInclude Include="xor.h">
      <Filter>Header Files\Utils</Filter>
    </ClInclude>
    <ClInclude Include="Menu.h">
      <Filter>Menu</Filter>
    </ClInclude>
    <ClInclude Include="ClientFrameStage.h">
      <Filter>Header Files\SDK\Interfaces</Filter>
    </ClInclude>
    <ClInclude Include="InputSystem.h">
      <Filter>Header Files\SDK\Interfaces</Filter>
    </ClInclude>
    <ClInclude Include="IAppSystem.h">
      <Filter>Header Files\SDK\Interfaces</Filter>
    </ClInclude>
    <ClInclude Include="IPrediction.h">
      <Filter>Header Files\SDK\Interfaces</Filter>
    </ClInclude>
    <ClInclude Include="CGlobalVars.h">
      <Filter>Header Files\SDK\Interfaces</Filter>
    </ClInclude>
    <ClInclude Include="Hacks.h">
      <Filter>Hacks</Filter>
    </ClInclude>
  </ItemGroup>
  <ItemGroup>
    <ClCompile Include="CVMTHookManager.cpp">
      <Filter>Header Files\Hooks</Filter>
    </ClCompile>
    <ClCompile Include="QAngle.cpp">
      <Filter>Header Files\Utils</Filter>
    </ClCompile>
    <ClCompile Include="Math.cpp">
      <Filter>Header Files\Utils</Filter>
    </ClCompile>
    <ClCompile Include="Interface.cpp">
      <Filter>Header Files\Hooks</Filter>
    </ClCompile>
    <ClCompile Include="Menu.cpp">
      <Filter>Menu</Filter>
    </ClCompile>
    <ClCompile Include="Hacks.cpp">
      <Filter>Hacks</Filter>
    </ClCompile>
    <ClCompile Include="DLLMain.cpp" />
  </ItemGroup>
</Project>